
Microsoft Visual Studio Solution File, Format Version 12.00
# Visual Studio Version 17
VisualStudioVersion = 17.0.31903.59
MinimumVisualStudioVersion = 10.0.40219.1
Project("{FAE04EC0-301F-11D3-BF4B-00C04F79EFBC}") = "ConsoleApp1", "ConsoleApp1\ConsoleApp1.csproj", "{D73D7215-A7B0-4521-B5E4-699B824BD235}"
EndProject
Project("{FAE04EC0-301F-11D3-BF4B-00C04F79EFBC}") = "ConsoleApp2", "ConsoleApp2\ConsoleApp2.csproj", "{6D0C6658-5CE0-477F-94DC-AC2C4F0D7833}"
EndProject
Project("{FAE04EC0-301F-11D3-BF4B-00C04F79EFBC}") = "ConsoleApp3", "ConsoleApp3\ConsoleApp3.csproj", "{F03AAB1D-78DB-4788-B450-E28272CACB91}"
EndProject
Project("{FAE04EC0-301F-11D3-BF4B-00C04F79EFBC}") = "ConsoleApp4", "ConsoleApp4\ConsoleApp4.csproj", "{D50F5B44-F375-4814-8760-618C906878E9}"
EndProject
Global
	GlobalSection(SolutionConfigurationPlatforms) = preSolution
		Debug|Any CPU = Debug|Any CPU
		Release|Any CPU = Release|Any CPU
	EndGlobalSection
	GlobalSection(SolutionProperties) = preSolution
		HideSolutionNode = FALSE
	EndGlobalSection
	GlobalSection(ProjectConfigurationPlatforms) = postSolution
		{D73D7215-A7B0-4521-B5E4-699B824BD235}.Debug|Any CPU.ActiveCfg = Debug|Any CPU
		{D73D7215-A7B0-4521-B5E4-699B824BD235}.Debug|Any CPU.Build.0 = Debug|Any CPU
		{D73D7215-A7B0-4521-B5E4-699B824BD235}.Release|Any CPU.ActiveCfg = Release|Any CPU
		{D73D7215-A7B0-4521-B5E4-699B824BD235}.Release|Any CPU.Build.0 = Release|Any CPU
		{6D0C6658-5CE0-477F-94DC-AC2C4F0D7833}.Debug|Any CPU.ActiveCfg = Debug|Any CPU
		{6D0C6658-5CE0-477F-94DC-AC2C4F0D7833}.Debug|Any CPU.Build.0 = Debug|Any CPU
		{6D0C6658-5CE0-477F-94DC-AC2C4F0D7833}.Release|Any CPU.ActiveCfg = Release|Any CPU
		{6D0C6658-5CE0-477F-94DC-AC2C4F0D7833}.Release|Any CPU.Build.0 = Release|Any CPU
		{F03AAB1D-78DB-4788-B450-E28272CACB91}.Debug|Any CPU.ActiveCfg = Debug|Any CPU
		{F03AAB1D-78DB-4788-B450-E28272CACB91}.Debug|Any CPU.Build.0 = Debug|Any CPU
		{F03AAB1D-78DB-4788-B450-E28272CACB91}.Release|Any CPU.ActiveCfg = Release|Any CPU
		{F03AAB1D-78DB-4788-B450-E28272CACB91}.Release|Any CPU.Build.0 = Release|Any CPU
		{D50F5B44-F375-4814-8760-618C906878E9}.Debug|Any CPU.ActiveCfg = Debug|Any CPU
		{D50F5B44-F375-4814-8760-618C906878E9}.Debug|Any CPU.Build.0 = Debug|Any CPU
		{D50F5B44-F375-4814-8760-618C906878E9}.Release|Any CPU.ActiveCfg = Release|Any CPU
		{D50F5B44-F375-4814-8760-618C906878E9}.Release|Any CPU.Build.0 = Release|Any CPU
	EndGlobalSection
EndGlobal
